
Microsoft Visual Studio Solution File, Format Version 12.00
# Visual Studio Version 17
VisualStudioVersion = 17.7.34003.232
MinimumVisualStudioVersion = 10.0.40219.1
Project("{FAE04EC0-301F-11D3-BF4B-00C04F79EFBC}") = "OphiussaServerManager", "OphiussaServerManager\OphiussaServerManager.csproj", "{69001AEB-9740-4528-9A86-503DAFDCB751}"
EndProject
Project("{FAE04EC0-301F-11D3-BF4B-00C04F79EFBC}") = "MakarovDev.ExpandCollapsePanel", "MakarovDev.ExpandCollapsePanel\MakarovDev.ExpandCollapsePanel.csproj", "{BE76A6FE-225F-4287-9CA0-231F5AF4CDC1}"
EndProject
Project("{FAE04EC0-301F-11D3-BF4B-00C04F79EFBC}") = "OphiussaServerManager.Common", "OphiussaServerManager.Common\OphiussaServerManager.Common.csproj", "{9CBA1CBF-F015-48D2-8754-67E1377EE7A0}"
EndProject
Project("{9A19103F-16F7-4668-BE54-9A1E7A4F7556}") = "Open.Nat", "..\Open.NAT\Open.Nat\Open.Nat.csproj", "{FDEACF87-8877-45D8-AD9F-AEE32A100544}"
EndProject
Project("{FAE04EC0-301F-11D3-BF4B-00C04F79EFBC}") = "Clifton.Core.ExtensionMethods", "Clifton.Core.ExtensionMethods\Clifton.Core.ExtensionMethods.csproj", "{41D1DE10-1A65-495F-83AE-4B914F8E33F6}"
EndProject
Project("{FAE04EC0-301F-11D3-BF4B-00C04F79EFBC}") = "Clifton.Core.Pipes", "Clifton.Core.Pipes\Clifton.Core.Pipes.csproj", "{B826097C-CC24-4CAC-8D31-8A65C4B76BE9}"
EndProject
Project("{2150E333-8FDC-42A3-9474-1A3956D46DE8}") = "3rd Party Libraries", "3rd Party Libraries", "{6E9FA847-C0FF-4DBE-9650-FBBF163BCB2D}"
EndProject
Project("{9A19103F-16F7-4668-BE54-9A1E7A4F7556}") = "ArkData", "ArkData\ArkData.csproj", "{EB2F3774-DA67-4772-B317-742247CEC657}"
EndProject
Project("{9A19103F-16F7-4668-BE54-9A1E7A4F7556}") = "NeXt.Vdf", "NeXtVdf\NeXt.Vdf.csproj", "{80C924B6-F167-4AD2-875B-5D6AE8652CCD}"
EndProject
Project("{9A19103F-16F7-4668-BE54-9A1E7A4F7556}") = "QueryMaster", "QueryMaster\QueryMaster.csproj", "{BC3B8088-1C92-433F-B506-99376D784CF9}"
EndProject
Project("{FAE04EC0-301F-11D3-BF4B-00C04F79EFBC}") = "OphiussaServerManagerUpdater", "OphiussaServerManagerUpdater\OphiussaServerManagerUpdater.csproj", "{81E1F25E-FFD6-4B76-95C4-06998AD4E8E1}"
EndProject
Global
	GlobalSection(SolutionConfigurationPlatforms) = preSolution
		Debug - Beta|Any CPU = Debug - Beta|Any CPU
		Debug - Beta|x64 = Debug - Beta|x64
		Debug - Beta|x86 = Debug - Beta|x86
		Debug|Any CPU = Debug|Any CPU
		Debug|x64 = Debug|x64
		Debug|x86 = Debug|x86
		Release|Any CPU = Release|Any CPU
		Release|x64 = Release|x64
		Release|x86 = Release|x86
	EndGlobalSection
	GlobalSection(ProjectConfigurationPlatforms) = postSolution
		{69001AEB-9740-4528-9A86-503DAFDCB751}.Debug - Beta|Any CPU.ActiveCfg = Debug|Any CPU
		{69001AEB-9740-4528-9A86-503DAFDCB751}.Debug - Beta|Any CPU.Build.0 = Debug|Any CPU
		{69001AEB-9740-4528-9A86-503DAFDCB751}.Debug - Beta|x64.ActiveCfg = Debug|x64
		{69001AEB-9740-4528-9A86-503DAFDCB751}.Debug - Beta|x64.Build.0 = Debug|x64
		{69001AEB-9740-4528-9A86-503DAFDCB751}.Debug - Beta|x86.ActiveCfg = Debug|Any CPU
		{69001AEB-9740-4528-9A86-503DAFDCB751}.Debug - Beta|x86.Build.0 = Debug|Any CPU
		{69001AEB-9740-4528-9A86-503DAFDCB751}.Debug|Any CPU.ActiveCfg = Debug|Any CPU
		{69001AEB-9740-4528-9A86-503DAFDCB751}.Debug|Any CPU.Build.0 = Debug|Any CPU
		{69001AEB-9740-4528-9A86-503DAFDCB751}.Debug|x64.ActiveCfg = Debug|x64
		{69001AEB-9740-4528-9A86-503DAFDCB751}.Debug|x64.Build.0 = Debug|x64
		{69001AEB-9740-4528-9A86-503DAFDCB751}.Debug|x86.ActiveCfg = Debug|Any CPU
		{69001AEB-9740-4528-9A86-503DAFDCB751}.Debug|x86.Build.0 = Debug|Any CPU
		{69001AEB-9740-4528-9A86-503DAFDCB751}.Release|Any CPU.ActiveCfg = Release|Any CPU
		{69001AEB-9740-4528-9A86-503DAFDCB751}.Release|Any CPU.Build.0 = Release|Any CPU
		{69001AEB-9740-4528-9A86-503DAFDCB751}.Release|x64.ActiveCfg = Release|x64
		{69001AEB-9740-4528-9A86-503DAFDCB751}.Release|x64.Build.0 = Release|x64
		{69001AEB-9740-4528-9A86-503DAFDCB751}.Release|x86.ActiveCfg = Release|Any CPU
		{69001AEB-9740-4528-9A86-503DAFDCB751}.Release|x86.Build.0 = Release|Any CPU
		{BE76A6FE-225F-4287-9CA0-231F5AF4CDC1}.Debug - Beta|Any CPU.ActiveCfg = Debug|Any CPU
		{BE76A6FE-225F-4287-9CA0-231F5AF4CDC1}.Debug - Beta|Any CPU.Build.0 = Debug|Any CPU
		{BE76A6FE-225F-4287-9CA0-231F5AF4CDC1}.Debug - Beta|x64.ActiveCfg = Debug|Any CPU
		{BE76A6FE-225F-4287-9CA0-231F5AF4CDC1}.Debug - Beta|x64.Build.0 = Debug|Any CPU
		{BE76A6FE-225F-4287-9CA0-231F5AF4CDC1}.Debug - Beta|x86.ActiveCfg = Debug|Any CPU
		{BE76A6FE-225F-4287-9CA0-231F5AF4CDC1}.Debug - Beta|x86.Build.0 = Debug|Any CPU
		{BE76A6FE-225F-4287-9CA0-231F5AF4CDC1}.Debug|Any CPU.ActiveCfg = Debug|Any CPU
		{BE76A6FE-225F-4287-9CA0-231F5AF4CDC1}.Debug|Any CPU.Build.0 = Debug|Any CPU
		{BE76A6FE-225F-4287-9CA0-231F5AF4CDC1}.Debug|x64.ActiveCfg = Debug|Any CPU
		{BE76A6FE-225F-4287-9CA0-231F5AF4CDC1}.Debug|x64.Build.0 = Debug|Any CPU
		{BE76A6FE-225F-4287-9CA0-231F5AF4CDC1}.Debug|x86.ActiveCfg = Debug|Any CPU
		{BE76A6FE-225F-4287-9CA0-231F5AF4CDC1}.Debug|x86.Build.0 = Debug|Any CPU
		{BE76A6FE-225F-4287-9CA0-231F5AF4CDC1}.Release|Any CPU.ActiveCfg = Release|Any CPU
		{BE76A6FE-225F-4287-9CA0-231F5AF4CDC1}.Release|Any CPU.Build.0 = Release|Any CPU
		{BE76A6FE-225F-4287-9CA0-231F5AF4CDC1}.Release|x86.ActiveCfg = Release|Any CPU
		{BE76A6FE-225F-4287-9CA0-231F5AF4CDC1}.Release|x86.Build.0 = Release|Any CPU
		{BE76A6FE-225F-4287-9CA0-231F5AF4CDC1}.Release|x64.ActiveCfg = Release|x64
		{BE76A6FE-225F-4287-9CA0-231F5AF4CDC1}.Release|x64.Build.0 = Release|x64
		{9CBA1CBF-F015-48D2-8754-67E1377EE7A0}.Debug - Beta|Any CPU.ActiveCfg = Debug|Any CPU
		{9CBA1CBF-F015-48D2-8754-67E1377EE7A0}.Debug - Beta|Any CPU.Build.0 = Debug|Any CPU
		{9CBA1CBF-F015-48D2-8754-67E1377EE7A0}.Debug - Beta|x64.ActiveCfg = Debug|Any CPU
		{9CBA1CBF-F015-48D2-8754-67E1377EE7A0}.Debug - Beta|x64.Build.0 = Debug|Any CPU
		{9CBA1CBF-F015-48D2-8754-67E1377EE7A0}.Debug - Beta|x86.ActiveCfg = Debug|Any CPU
		{9CBA1CBF-F015-48D2-8754-67E1377EE7A0}.Debug - Beta|x86.Build.0 = Debug|Any CPU
		{9CBA1CBF-F015-48D2-8754-67E1377EE7A0}.Debug|Any CPU.ActiveCfg = Debug|Any CPU
		{9CBA1CBF-F015-48D2-8754-67E1377EE7A0}.Debug|Any CPU.Build.0 = Debug|Any CPU
		{9CBA1CBF-F015-48D2-8754-67E1377EE7A0}.Debug|x64.ActiveCfg = Debug|Any CPU
		{9CBA1CBF-F015-48D2-8754-67E1377EE7A0}.Debug|x64.Build.0 = Debug|Any CPU
		{9CBA1CBF-F015-48D2-8754-67E1377EE7A0}.Debug|x86.ActiveCfg = Debug|Any CPU
		{9CBA1CBF-F015-48D2-8754-67E1377EE7A0}.Debug|x86.Build.0 = Debug|Any CPU
		{9CBA1CBF-F015-48D2-8754-67E1377EE7A0}.Release|Any CPU.ActiveCfg = Release|Any CPU
		{9CBA1CBF-F015-48D2-8754-67E1377EE7A0}.Release|Any CPU.Build.0 = Release|Any CPU
		{9CBA1CBF-F015-48D2-8754-67E1377EE7A0}.Release|x64.ActiveCfg = Release|Any CPU
		{9CBA1CBF-F015-48D2-8754-67E1377EE7A0}.Release|x64.Build.0 = Release|Any CPU
		{9CBA1CBF-F015-48D2-8754-67E1377EE7A0}.Release|x86.ActiveCfg = Release|Any CPU
		{9CBA1CBF-F015-48D2-8754-67E1377EE7A0}.Release|x86.Build.0 = Release|Any CPU
		{FDEACF87-8877-45D8-AD9F-AEE32A100544}.Debug - Beta|Any CPU.ActiveCfg = Debug|Any CPU
		{FDEACF87-8877-45D8-AD9F-AEE32A100544}.Debug - Beta|Any CPU.Build.0 = Debug|Any CPU
		{FDEACF87-8877-45D8-AD9F-AEE32A100544}.Debug - Beta|x64.ActiveCfg = Debug|x64
		{FDEACF87-8877-45D8-AD9F-AEE32A100544}.Debug - Beta|x64.Build.0 = Debug|x64
		{FDEACF87-8877-45D8-AD9F-AEE32A100544}.Debug - Beta|x86.ActiveCfg = Debug|x86
		{FDEACF87-8877-45D8-AD9F-AEE32A100544}.Debug - Beta|x86.Build.0 = Debug|x86
		{FDEACF87-8877-45D8-AD9F-AEE32A100544}.Debug|Any CPU.ActiveCfg = Debug|Any CPU
		{FDEACF87-8877-45D8-AD9F-AEE32A100544}.Debug|Any CPU.Build.0 = Debug|Any CPU
		{FDEACF87-8877-45D8-AD9F-AEE32A100544}.Debug|x64.ActiveCfg = Debug|x64
		{FDEACF87-8877-45D8-AD9F-AEE32A100544}.Debug|x64.Build.0 = Debug|x64
		{FDEACF87-8877-45D8-AD9F-AEE32A100544}.Debug|x86.ActiveCfg = Debug|x86
		{FDEACF87-8877-45D8-AD9F-AEE32A100544}.Debug|x86.Build.0 = Debug|x86
		{FDEACF87-8877-45D8-AD9F-AEE32A100544}.Release|Any CPU.ActiveCfg = Release|Any CPU
		{FDEACF87-8877-45D8-AD9F-AEE32A100544}.Release|Any CPU.Build.0 = Release|Any CPU
		{FDEACF87-8877-45D8-AD9F-AEE32A100544}.Release|x64.ActiveCfg = Release|x64
		{FDEACF87-8877-45D8-AD9F-AEE32A100544}.Release|x64.Build.0 = Release|x64
		{FDEACF87-8877-45D8-AD9F-AEE32A100544}.Release|x86.ActiveCfg = Release|x86
		{FDEACF87-8877-45D8-AD9F-AEE32A100544}.Release|x86.Build.0 = Release|x86
		{41D1DE10-1A65-495F-83AE-4B914F8E33F6}.Debug - Beta|Any CPU.ActiveCfg = Debug|Any CPU
		{41D1DE10-1A65-495F-83AE-4B914F8E33F6}.Debug - Beta|Any CPU.Build.0 = Debug|Any CPU
		{41D1DE10-1A65-495F-83AE-4B914F8E33F6}.Debug - Beta|x64.ActiveCfg = Debug|Any CPU
		{41D1DE10-1A65-495F-83AE-4B914F8E33F6}.Debug - Beta|x64.Build.0 = Debug|Any CPU
		{41D1DE10-1A65-495F-83AE-4B914F8E33F6}.Debug - Beta|x86.ActiveCfg = Debug|Any CPU
		{41D1DE10-1A65-495F-83AE-4B914F8E33F6}.Debug - Beta|x86.Build.0 = Debug|Any CPU
		{41D1DE10-1A65-495F-83AE-4B914F8E33F6}.Debug|Any CPU.ActiveCfg = Debug|Any CPU
		{41D1DE10-1A65-495F-83AE-4B914F8E33F6}.Debug|Any CPU.Build.0 = Debug|Any CPU
		{41D1DE10-1A65-495F-83AE-4B914F8E33F6}.Debug|x64.ActiveCfg = Debug|Any CPU
		{41D1DE10-1A65-495F-83AE-4B914F8E33F6}.Debug|x64.Build.0 = Debug|Any CPU
		{41D1DE10-1A65-495F-83AE-4B914F8E33F6}.Debug|x86.ActiveCfg = Debug|Any CPU
		{41D1DE10-1A65-495F-83AE-4B914F8E33F6}.Debug|x86.Build.0 = Debug|Any CPU
		{41D1DE10-1A65-495F-83AE-4B914F8E33F6}.Release|Any CPU.ActiveCfg = Release|Any CPU
		{41D1DE10-1A65-495F-83AE-4B914F8E33F6}.Release|Any CPU.Build.0 = Release|Any CPU
		{41D1DE10-1A65-495F-83AE-4B914F8E33F6}.Release|x64.ActiveCfg = Release|Any CPU
		{41D1DE10-1A65-495F-83AE-4B914F8E33F6}.Release|x64.Build.0 = Release|Any CPU
		{41D1DE10-1A65-495F-83AE-4B914F8E33F6}.Release|x86.ActiveCfg = Release|Any CPU
		{41D1DE10-1A65-495F-83AE-4B914F8E33F6}.Release|x86.Build.0 = Release|Any CPU
		{B826097C-CC24-4CAC-8D31-8A65C4B76BE9}.Debug - Beta|Any CPU.ActiveCfg = Debug|Any CPU
		{B826097C-CC24-4CAC-8D31-8A65C4B76BE9}.Debug - Beta|Any CPU.Build.0 = Debug|Any CPU
		{B826097C-CC24-4CAC-8D31-8A65C4B76BE9}.Debug - Beta|x64.ActiveCfg = Debug|Any CPU
		{B826097C-CC24-4CAC-8D31-8A65C4B76BE9}.Debug - Beta|x64.Build.0 = Debug|Any CPU
		{B826097C-CC24-4CAC-8D31-8A65C4B76BE9}.Debug - Beta|x86.ActiveCfg = Debug|Any CPU
		{B826097C-CC24-4CAC-8D31-8A65C4B76BE9}.Debug - Beta|x86.Build.0 = Debug|Any CPU
		{B826097C-CC24-4CAC-8D31-8A65C4B76BE9}.Debug|Any CPU.ActiveCfg = Debug|Any CPU
		{B826097C-CC24-4CAC-8D31-8A65C4B76BE9}.Debug|Any CPU.Build.0 = Debug|Any CPU
		{B826097C-CC24-4CAC-8D31-8A65C4B76BE9}.Debug|x64.ActiveCfg = Debug|Any CPU
		{B826097C-CC24-4CAC-8D31-8A65C4B76BE9}.Debug|x64.Build.0 = Debug|Any CPU
		{B826097C-CC24-4CAC-8D31-8A65C4B76BE9}.Debug|x86.ActiveCfg = Debug|Any CPU
		{B826097C-CC24-4CAC-8D31-8A65C4B76BE9}.Debug|x86.Build.0 = Debug|Any CPU
		{B826097C-CC24-4CAC-8D31-8A65C4B76BE9}.Release|Any CPU.ActiveCfg = Release|Any CPU
		{B826097C-CC24-4CAC-8D31-8A65C4B76BE9}.Release|Any CPU.Build.0 = Release|Any CPU
		{B826097C-CC24-4CAC-8D31-8A65C4B76BE9}.Release|x64.ActiveCfg = Release|Any CPU
		{B826097C-CC24-4CAC-8D31-8A65C4B76BE9}.Release|x64.Build.0 = Release|Any CPU
		{B826097C-CC24-4CAC-8D31-8A65C4B76BE9}.Release|x86.ActiveCfg = Release|Any CPU
		{B826097C-CC24-4CAC-8D31-8A65C4B76BE9}.Release|x86.Build.0 = Release|Any CPU
		{EB2F3774-DA67-4772-B317-742247CEC657}.Debug - Beta|Any CPU.ActiveCfg = Debug - Beta|Any CPU
		{EB2F3774-DA67-4772-B317-742247CEC657}.Debug - Beta|Any CPU.Build.0 = Debug - Beta|Any CPU
		{EB2F3774-DA67-4772-B317-742247CEC657}.Debug - Beta|x64.ActiveCfg = Debug - Beta|Any CPU
		{EB2F3774-DA67-4772-B317-742247CEC657}.Debug - Beta|x64.Build.0 = Debug - Beta|Any CPU
		{EB2F3774-DA67-4772-B317-742247CEC657}.Debug - Beta|x86.ActiveCfg = Debug - Beta|Any CPU
		{EB2F3774-DA67-4772-B317-742247CEC657}.Debug - Beta|x86.Build.0 = Debug - Beta|Any CPU
		{EB2F3774-DA67-4772-B317-742247CEC657}.Debug|Any CPU.ActiveCfg = Debug|Any CPU
		{EB2F3774-DA67-4772-B317-742247CEC657}.Debug|Any CPU.Build.0 = Debug|Any CPU
		{EB2F3774-DA67-4772-B317-742247CEC657}.Debug|x64.ActiveCfg = Debug|Any CPU
		{EB2F3774-DA67-4772-B317-742247CEC657}.Debug|x64.Build.0 = Debug|Any CPU
		{EB2F3774-DA67-4772-B317-742247CEC657}.Debug|x86.ActiveCfg = Debug|Any CPU
		{EB2F3774-DA67-4772-B317-742247CEC657}.Debug|x86.Build.0 = Debug|Any CPU
		{EB2F3774-DA67-4772-B317-742247CEC657}.Release|Any CPU.ActiveCfg = Release|Any CPU
		{EB2F3774-DA67-4772-B317-742247CEC657}.Release|Any CPU.Build.0 = Release|Any CPU
		{EB2F3774-DA67-4772-B317-742247CEC657}.Release|x64.ActiveCfg = Release|Any CPU
		{EB2F3774-DA67-4772-B317-742247CEC657}.Release|x64.Build.0 = Release|Any CPU
		{EB2F3774-DA67-4772-B317-742247CEC657}.Release|x86.ActiveCfg = Release|Any CPU
		{EB2F3774-DA67-4772-B317-742247CEC657}.Release|x86.Build.0 = Release|Any CPU
		{80C924B6-F167-4AD2-875B-5D6AE8652CCD}.Debug - Beta|Any CPU.ActiveCfg = Debug - Beta|Any CPU
		{80C924B6-F167-4AD2-875B-5D6AE8652CCD}.Debug - Beta|Any CPU.Build.0 = Debug - Beta|Any CPU
		{80C924B6-F167-4AD2-875B-5D6AE8652CCD}.Debug - Beta|x64.ActiveCfg = Debug - Beta|Any CPU
		{80C924B6-F167-4AD2-875B-5D6AE8652CCD}.Debug - Beta|x64.Build.0 = Debug - Beta|Any CPU
		{80C924B6-F167-4AD2-875B-5D6AE8652CCD}.Debug - Beta|x86.ActiveCfg = Debug - Beta|Any CPU
		{80C924B6-F167-4AD2-875B-5D6AE8652CCD}.Debug - Beta|x86.Build.0 = Debug - Beta|Any CPU
		{80C924B6-F167-4AD2-875B-5D6AE8652CCD}.Debug|Any CPU.ActiveCfg = Debug|Any CPU
		{80C924B6-F167-4AD2-875B-5D6AE8652CCD}.Debug|Any CPU.Build.0 = Debug|Any CPU
		{80C924B6-F167-4AD2-875B-5D6AE8652CCD}.Debug|x64.ActiveCfg = Debug|Any CPU
		{80C924B6-F167-4AD2-875B-5D6AE8652CCD}.Debug|x64.Build.0 = Debug|Any CPU
		{80C924B6-F167-4AD2-875B-5D6AE8652CCD}.Debug|x86.ActiveCfg = Debug|Any CPU
		{80C924B6-F167-4AD2-875B-5D6AE8652CCD}.Debug|x86.Build.0 = Debug|Any CPU
		{80C924B6-F167-4AD2-875B-5D6AE8652CCD}.Release|Any CPU.ActiveCfg = Release|Any CPU
		{80C924B6-F167-4AD2-875B-5D6AE8652CCD}.Release|Any CPU.Build.0 = Release|Any CPU
		{80C924B6-F167-4AD2-875B-5D6AE8652CCD}.Release|x64.ActiveCfg = Release|Any CPU
		{80C924B6-F167-4AD2-875B-5D6AE8652CCD}.Release|x64.Build.0 = Release|Any CPU
		{80C924B6-F167-4AD2-875B-5D6AE8652CCD}.Release|x86.ActiveCfg = Release|Any CPU
		{80C924B6-F167-4AD2-875B-5D6AE8652CCD}.Release|x86.Build.0 = Release|Any CPU
		{BC3B8088-1C92-433F-B506-99376D784CF9}.Debug - Beta|Any CPU.ActiveCfg = Debug - Beta|Any CPU
		{BC3B8088-1C92-433F-B506-99376D784CF9}.Debug - Beta|Any CPU.Build.0 = Debug - Beta|Any CPU
		{BC3B8088-1C92-433F-B506-99376D784CF9}.Debug - Beta|x64.ActiveCfg = Debug - Beta|Any CPU
		{BC3B8088-1C92-433F-B506-99376D784CF9}.Debug - Beta|x64.Build.0 = Debug - Beta|Any CPU
		{BC3B8088-1C92-433F-B506-99376D784CF9}.Debug - Beta|x86.ActiveCfg = Debug - Beta|Any CPU
		{BC3B8088-1C92-433F-B506-99376D784CF9}.Debug - Beta|x86.Build.0 = Debug - Beta|Any CPU
		{BC3B8088-1C92-433F-B506-99376D784CF9}.Debug|Any CPU.ActiveCfg = Debug|Any CPU
		{BC3B8088-1C92-433F-B506-99376D784CF9}.Debug|Any CPU.Build.0 = Debug|Any CPU
		{BC3B8088-1C92-433F-B506-99376D784CF9}.Debug|x64.ActiveCfg = Debug|Any CPU
		{BC3B8088-1C92-433F-B506-99376D784CF9}.Debug|x64.Build.0 = Debug|Any CPU
		{BC3B8088-1C92-433F-B506-99376D784CF9}.Debug|x86.ActiveCfg = Debug|Any CPU
		{BC3B8088-1C92-433F-B506-99376D784CF9}.Debug|x86.Build.0 = Debug|Any CPU
		{BC3B8088-1C92-433F-B506-99376D784CF9}.Release|Any CPU.ActiveCfg = Release|Any CPU
		{BC3B8088-1C92-433F-B506-99376D784CF9}.Release|Any CPU.Build.0 = Release|Any CPU
		{BC3B8088-1C92-433F-B506-99376D784CF9}.Release|x64.ActiveCfg = Release|Any CPU
		{BC3B8088-1C92-433F-B506-99376D784CF9}.Release|x64.Build.0 = Release|Any CPU
		{BC3B8088-1C92-433F-B506-99376D784CF9}.Release|x86.ActiveCfg = Release|Any CPU
		{BC3B8088-1C92-433F-B506-99376D784CF9}.Release|x86.Build.0 = Release|Any CPU
		{81E1F25E-FFD6-4B76-95C4-06998AD4E8E1}.Debug - Beta|Any CPU.ActiveCfg = Debug|Any CPU
		{81E1F25E-FFD6-4B76-95C4-06998AD4E8E1}.Debug - Beta|Any CPU.Build.0 = Debug|Any CPU
		{81E1F25E-FFD6-4B76-95C4-06998AD4E8E1}.Debug - Beta|x64.ActiveCfg = Debug|Any CPU
		{81E1F25E-FFD6-4B76-95C4-06998AD4E8E1}.Debug - Beta|x64.Build.0 = Debug|Any CPU
		{81E1F25E-FFD6-4B76-95C4-06998AD4E8E1}.Debug - Beta|x86.ActiveCfg = Debug|Any CPU
		{81E1F25E-FFD6-4B76-95C4-06998AD4E8E1}.Debug - Beta|x86.Build.0 = Debug|Any CPU
		{81E1F25E-FFD6-4B76-95C4-06998AD4E8E1}.Debug|Any CPU.ActiveCfg = Debug|Any CPU
		{81E1F25E-FFD6-4B76-95C4-06998AD4E8E1}.Debug|Any CPU.Build.0 = Debug|Any CPU
		{81E1F25E-FFD6-4B76-95C4-06998AD4E8E1}.Debug|x64.ActiveCfg = Debug|Any CPU
		{81E1F25E-FFD6-4B76-95C4-06998AD4E8E1}.Debug|x64.Build.0 = Debug|Any CPU
		{81E1F25E-FFD6-4B76-95C4-06998AD4E8E1}.Debug|x86.ActiveCfg = Debug|Any CPU
		{81E1F25E-FFD6-4B76-95C4-06998AD4E8E1}.Debug|x86.Build.0 = Debug|Any CPU
		{81E1F25E-FFD6-4B76-95C4-06998AD4E8E1}.Release|Any CPU.ActiveCfg = Release|Any CPU
		{81E1F25E-FFD6-4B76-95C4-06998AD4E8E1}.Release|Any CPU.Build.0 = Release|Any CPU
		{81E1F25E-FFD6-4B76-95C4-06998AD4E8E1}.Release|x64.ActiveCfg = Release|Any CPU
		{81E1F25E-FFD6-4B76-95C4-06998AD4E8E1}.Release|x64.Build.0 = Release|Any CPU
		{81E1F25E-FFD6-4B76-95C4-06998AD4E8E1}.Release|x86.ActiveCfg = Release|Any CPU
		{81E1F25E-FFD6-4B76-95C4-06998AD4E8E1}.Release|x86.Build.0 = Release|Any CPU
	EndGlobalSection
	GlobalSection(SolutionProperties) = preSolution
		HideSolutionNode = FALSE
	EndGlobalSection
	GlobalSection(NestedProjects) = preSolution
		{BE76A6FE-225F-4287-9CA0-231F5AF4CDC1} = {6E9FA847-C0FF-4DBE-9650-FBBF163BCB2D}
		{FDEACF87-8877-45D8-AD9F-AEE32A100544} = {6E9FA847-C0FF-4DBE-9650-FBBF163BCB2D}
		{41D1DE10-1A65-495F-83AE-4B914F8E33F6} = {6E9FA847-C0FF-4DBE-9650-FBBF163BCB2D}
		{B826097C-CC24-4CAC-8D31-8A65C4B76BE9} = {6E9FA847-C0FF-4DBE-9650-FBBF163BCB2D}
		{EB2F3774-DA67-4772-B317-742247CEC657} = {6E9FA847-C0FF-4DBE-9650-FBBF163BCB2D}
		{80C924B6-F167-4AD2-875B-5D6AE8652CCD} = {6E9FA847-C0FF-4DBE-9650-FBBF163BCB2D}
		{BC3B8088-1C92-433F-B506-99376D784CF9} = {6E9FA847-C0FF-4DBE-9650-FBBF163BCB2D}
	EndGlobalSection
	GlobalSection(ExtensibilityGlobals) = postSolution
		SolutionGuid = {B1383EA5-5668-4FED-B863-F2A6EF423928}
	EndGlobalSection
EndGlobal
