
Microsoft Visual Studio Solution File, Format Version 12.00
# Visual Studio Version 17
VisualStudioVersion = 17.7.34003.232
MinimumVisualStudioVersion = 10.0.40219.1
Project("{FAE04EC0-301F-11D3-BF4B-00C04F79EFBC}") = "OphiussaServerManager", "OphiussaServerManager\OphiussaServerManager.csproj", "{69001AEB-9740-4528-9A86-503DAFDCB751}"
EndProject
Project("{FAE04EC0-301F-11D3-BF4B-00C04F79EFBC}") = "MakarovDev.ExpandCollapsePanel", "MakarovDev.ExpandCollapsePanel\MakarovDev.ExpandCollapsePanel.csproj", "{BE76A6FE-225F-4287-9CA0-231F5AF4CDC1}"
EndProject
Project("{FAE04EC0-301F-11D3-BF4B-00C04F79EFBC}") = "OphiussaServerManager.Common", "OphiussaServerManager.Common\OphiussaServerManager.Common.csproj", "{9CBA1CBF-F015-48D2-8754-67E1377EE7A0}"
EndProject
Project("{9A19103F-16F7-4668-BE54-9A1E7A4F7556}") = "Open.Nat", "..\Open.NAT\Open.Nat\Open.Nat.csproj", "{FDEACF87-8877-45D8-AD9F-AEE32A100544}"
EndProject
Project("{FAE04EC0-301F-11D3-BF4B-00C04F79EFBC}") = "OphiussaServerManager.CostumControls", "OphiussaServerManager.CostumControls\OphiussaServerManager.CostumControls.csproj", "{6C0FAD6C-FD53-4F38-9668-044BE0503416}"
EndProject
Global
	GlobalSection(SolutionConfigurationPlatforms) = preSolution
		Debug|Any CPU = Debug|Any CPU
		Debug|x64 = Debug|x64
		Debug|x86 = Debug|x86
		Release|Any CPU = Release|Any CPU
		Release|x64 = Release|x64
		Release|x86 = Release|x86
	EndGlobalSection
	GlobalSection(ProjectConfigurationPlatforms) = postSolution
		{69001AEB-9740-4528-9A86-503DAFDCB751}.Debug|Any CPU.ActiveCfg = Debug|Any CPU
		{69001AEB-9740-4528-9A86-503DAFDCB751}.Debug|Any CPU.Build.0 = Debug|Any CPU
		{69001AEB-9740-4528-9A86-503DAFDCB751}.Debug|x64.ActiveCfg = Debug|x64
		{69001AEB-9740-4528-9A86-503DAFDCB751}.Debug|x64.Build.0 = Debug|x64
		{69001AEB-9740-4528-9A86-503DAFDCB751}.Debug|x86.ActiveCfg = Debug|Any CPU
		{69001AEB-9740-4528-9A86-503DAFDCB751}.Debug|x86.Build.0 = Debug|Any CPU
		{69001AEB-9740-4528-9A86-503DAFDCB751}.Release|Any CPU.ActiveCfg = Release|Any CPU
		{69001AEB-9740-4528-9A86-503DAFDCB751}.Release|Any CPU.Build.0 = Release|Any CPU
		{69001AEB-9740-4528-9A86-503DAFDCB751}.Release|x64.ActiveCfg = Release|x64
		{69001AEB-9740-4528-9A86-503DAFDCB751}.Release|x64.Build.0 = Release|x64
		{69001AEB-9740-4528-9A86-503DAFDCB751}.Release|x86.ActiveCfg = Release|Any CPU
		{69001AEB-9740-4528-9A86-503DAFDCB751}.Release|x86.Build.0 = Release|Any CPU
		{BE76A6FE-225F-4287-9CA0-231F5AF4CDC1}.Debug|Any CPU.ActiveCfg = Debug|Any CPU
		{BE76A6FE-225F-4287-9CA0-231F5AF4CDC1}.Debug|Any CPU.Build.0 = Debug|Any CPU
		{BE76A6FE-225F-4287-9CA0-231F5AF4CDC1}.Debug|x64.ActiveCfg = Debug|Any CPU
		{BE76A6FE-225F-4287-9CA0-231F5AF4CDC1}.Debug|x64.Build.0 = Debug|Any CPU
		{BE76A6FE-225F-4287-9CA0-231F5AF4CDC1}.Debug|x86.ActiveCfg = Debug|Any CPU
		{BE76A6FE-225F-4287-9CA0-231F5AF4CDC1}.Debug|x86.Build.0 = Debug|Any CPU
		{BE76A6FE-225F-4287-9CA0-231F5AF4CDC1}.Release|Any CPU.ActiveCfg = Release|Any CPU
		{BE76A6FE-225F-4287-9CA0-231F5AF4CDC1}.Release|Any CPU.Build.0 = Release|Any CPU
		{BE76A6FE-225F-4287-9CA0-231F5AF4CDC1}.Release|x64.ActiveCfg = Release|Any CPU
		{BE76A6FE-225F-4287-9CA0-231F5AF4CDC1}.Release|x64.Build.0 = Release|Any CPU
		{BE76A6FE-225F-4287-9CA0-231F5AF4CDC1}.Release|x86.ActiveCfg = Release|Any CPU
		{BE76A6FE-225F-4287-9CA0-231F5AF4CDC1}.Release|x86.Build.0 = Release|Any CPU
		{9CBA1CBF-F015-48D2-8754-67E1377EE7A0}.Debug|Any CPU.ActiveCfg = Debug|Any CPU
		{9CBA1CBF-F015-48D2-8754-67E1377EE7A0}.Debug|Any CPU.Build.0 = Debug|Any CPU
		{9CBA1CBF-F015-48D2-8754-67E1377EE7A0}.Debug|x64.ActiveCfg = Debug|Any CPU
		{9CBA1CBF-F015-48D2-8754-67E1377EE7A0}.Debug|x64.Build.0 = Debug|Any CPU
		{9CBA1CBF-F015-48D2-8754-67E1377EE7A0}.Debug|x86.ActiveCfg = Debug|Any CPU
		{9CBA1CBF-F015-48D2-8754-67E1377EE7A0}.Debug|x86.Build.0 = Debug|Any CPU
		{9CBA1CBF-F015-48D2-8754-67E1377EE7A0}.Release|Any CPU.ActiveCfg = Release|Any CPU
		{9CBA1CBF-F015-48D2-8754-67E1377EE7A0}.Release|Any CPU.Build.0 = Release|Any CPU
		{9CBA1CBF-F015-48D2-8754-67E1377EE7A0}.Release|x64.ActiveCfg = Release|Any CPU
		{9CBA1CBF-F015-48D2-8754-67E1377EE7A0}.Release|x64.Build.0 = Release|Any CPU
		{9CBA1CBF-F015-48D2-8754-67E1377EE7A0}.Release|x86.ActiveCfg = Release|Any CPU
		{9CBA1CBF-F015-48D2-8754-67E1377EE7A0}.Release|x86.Build.0 = Release|Any CPU
		{FDEACF87-8877-45D8-AD9F-AEE32A100544}.Debug|Any CPU.ActiveCfg = Debug|Any CPU
		{FDEACF87-8877-45D8-AD9F-AEE32A100544}.Debug|Any CPU.Build.0 = Debug|Any CPU
		{FDEACF87-8877-45D8-AD9F-AEE32A100544}.Debug|x64.ActiveCfg = Debug|x64
		{FDEACF87-8877-45D8-AD9F-AEE32A100544}.Debug|x64.Build.0 = Debug|x64
		{FDEACF87-8877-45D8-AD9F-AEE32A100544}.Debug|x86.ActiveCfg = Debug|x86
		{FDEACF87-8877-45D8-AD9F-AEE32A100544}.Debug|x86.Build.0 = Debug|x86
		{FDEACF87-8877-45D8-AD9F-AEE32A100544}.Release|Any CPU.ActiveCfg = Release|Any CPU
		{FDEACF87-8877-45D8-AD9F-AEE32A100544}.Release|Any CPU.Build.0 = Release|Any CPU
		{FDEACF87-8877-45D8-AD9F-AEE32A100544}.Release|x64.ActiveCfg = Release|x64
		{FDEACF87-8877-45D8-AD9F-AEE32A100544}.Release|x64.Build.0 = Release|x64
		{FDEACF87-8877-45D8-AD9F-AEE32A100544}.Release|x86.ActiveCfg = Release|x86
		{FDEACF87-8877-45D8-AD9F-AEE32A100544}.Release|x86.Build.0 = Release|x86
		{6C0FAD6C-FD53-4F38-9668-044BE0503416}.Debug|Any CPU.ActiveCfg = Debug|Any CPU
		{6C0FAD6C-FD53-4F38-9668-044BE0503416}.Debug|Any CPU.Build.0 = Debug|Any CPU
		{6C0FAD6C-FD53-4F38-9668-044BE0503416}.Debug|x64.ActiveCfg = Debug|Any CPU
		{6C0FAD6C-FD53-4F38-9668-044BE0503416}.Debug|x64.Build.0 = Debug|Any CPU
		{6C0FAD6C-FD53-4F38-9668-044BE0503416}.Debug|x86.ActiveCfg = Debug|Any CPU
		{6C0FAD6C-FD53-4F38-9668-044BE0503416}.Debug|x86.Build.0 = Debug|Any CPU
		{6C0FAD6C-FD53-4F38-9668-044BE0503416}.Release|Any CPU.ActiveCfg = Release|Any CPU
		{6C0FAD6C-FD53-4F38-9668-044BE0503416}.Release|Any CPU.Build.0 = Release|Any CPU
		{6C0FAD6C-FD53-4F38-9668-044BE0503416}.Release|x64.ActiveCfg = Release|Any CPU
		{6C0FAD6C-FD53-4F38-9668-044BE0503416}.Release|x64.Build.0 = Release|Any CPU
		{6C0FAD6C-FD53-4F38-9668-044BE0503416}.Release|x86.ActiveCfg = Release|Any CPU
		{6C0FAD6C-FD53-4F38-9668-044BE0503416}.Release|x86.Build.0 = Release|Any CPU
	EndGlobalSection
	GlobalSection(SolutionProperties) = preSolution
		HideSolutionNode = FALSE
	EndGlobalSection
	GlobalSection(ExtensibilityGlobals) = postSolution
		SolutionGuid = {B1383EA5-5668-4FED-B863-F2A6EF423928}
	EndGlobalSection
EndGlobal
